
Microsoft Visual Studio Solution File, Format Version 12.00
# Visual Studio Version 17
VisualStudioVersion = 17.8.34525.116
MinimumVisualStudioVersion = 10.0.40219.1
Project("{FAE04EC0-301F-11D3-BF4B-00C04F79EFBC}") = "ConsoleApp5", "ConsoleApp5\ConsoleApp5.csproj", "{6384834C-C212-44F7-AC05-AD1563940219}"
EndProject
Global
	GlobalSection(SolutionConfigurationPlatforms) = preSolution
		Debug|Any CPU = Debug|Any CPU
		Release|Any CPU = Release|Any CPU
	EndGlobalSection
	GlobalSection(ProjectConfigurationPlatforms) = postSolution
		{6384834C-C212-44F7-AC05-AD1563940219}.Debug|Any CPU.ActiveCfg = Debug|Any CPU
		{6384834C-C212-44F7-AC05-AD1563940219}.Debug|Any CPU.Build.0 = Debug|Any CPU
		{6384834C-C212-44F7-AC05-AD1563940219}.Release|Any CPU.ActiveCfg = Release|Any CPU
		{6384834C-C212-44F7-AC05-AD1563940219}.Release|Any CPU.Build.0 = Release|Any CPU
	EndGlobalSection
	GlobalSection(SolutionProperties) = preSolution
		HideSolutionNode = FALSE
	EndGlobalSection
	GlobalSection(ExtensibilityGlobals) = postSolution
		SolutionGuid = {78DC6D89-EF32-471C-9057-4A1957C44C86}
	EndGlobalSection
EndGlobal
